// !$*UTF8*$!
{
	archiveVersion = 1;
	classes = {
	};
	objectVersion = 50;
	objects = {

/* Begin PBXBuildFile section */
		D42B51E32320363F0091CC1F /* Player.swift in Sources */ = {isa = PBXBuildFile; fileRef = D42B51E22320363F0091CC1F /* Player.swift */; };
		D42B51E52320369F0091CC1F /* Game.swift in Sources */ = {isa = PBXBuildFile; fileRef = D42B51E42320369F0091CC1F /* Game.swift */; };
		D42B51E7232038EF0091CC1F /* Leaderboard.swift in Sources */ = {isa = PBXBuildFile; fileRef = D42B51E6232038EF0091CC1F /* Leaderboard.swift */; };
		D42B51E923204C9B0091CC1F /* GameViewController.swift in Sources */ = {isa = PBXBuildFile; fileRef = D42B51E823204C9B0091CC1F /* GameViewController.swift */; };
		FC3AD9A42320323F00B35DC6 /* AppDelegate.swift in Sources */ = {isa = PBXBuildFile; fileRef = FC3AD9A32320323F00B35DC6 /* AppDelegate.swift */; };
		FC3AD9A62320323F00B35DC6 /* ViewController.swift in Sources */ = {isa = PBXBuildFile; fileRef = FC3AD9A52320323F00B35DC6 /* ViewController.swift */; };
		FC3AD9A92320323F00B35DC6 /* Main.storyboard in Resources */ = {isa = PBXBuildFile; fileRef = FC3AD9A72320323F00B35DC6 /* Main.storyboard */; };
		FC3AD9AB2320324000B35DC6 /* Assets.xcassets in Resources */ = {isa = PBXBuildFile; fileRef = FC3AD9AA2320324000B35DC6 /* Assets.xcassets */; };
		FC3AD9AE2320324000B35DC6 /* LaunchScreen.storyboard in Resources */ = {isa = PBXBuildFile; fileRef = FC3AD9AC2320324000B35DC6 /* LaunchScreen.storyboard */; };
/* End PBXBuildFile section */

/* Begin PBXFileReference section */
		D42B51E22320363F0091CC1F /* Player.swift */ = {isa = PBXFileReference; lastKnownFileType = sourcecode.swift; path = Player.swift; sourceTree = "<group>"; };
		D42B51E42320369F0091CC1F /* Game.swift */ = {isa = PBXFileReference; lastKnownFileType = sourcecode.swift; path = Game.swift; sourceTree = "<group>"; };
		D42B51E6232038EF0091CC1F /* Leaderboard.swift */ = {isa = PBXFileReference; lastKnownFileType = sourcecode.swift; path = Leaderboard.swift; sourceTree = "<group>"; };
		D42B51E823204C9B0091CC1F /* GameViewController.swift */ = {isa = PBXFileReference; lastKnownFileType = sourcecode.swift; path = GameViewController.swift; sourceTree = "<group>"; };
		FC3AD9A02320323F00B35DC6 /* MultiplicationTables.app */ = {isa = PBXFileReference; explicitFileType = wrapper.application; includeInIndex = 0; path = MultiplicationTables.app; sourceTree = BUILT_PRODUCTS_DIR; };
		FC3AD9A32320323F00B35DC6 /* AppDelegate.swift */ = {isa = PBXFileReference; lastKnownFileType = sourcecode.swift; path = AppDelegate.swift; sourceTree = "<group>"; };
		FC3AD9A52320323F00B35DC6 /* ViewController.swift */ = {isa = PBXFileReference; lastKnownFileType = sourcecode.swift; path = ViewController.swift; sourceTree = "<group>"; };
		FC3AD9A82320323F00B35DC6 /* Base */ = {isa = PBXFileReference; lastKnownFileType = file.storyboard; name = Base; path = Base.lproj/Main.storyboard; sourceTree = "<group>"; };
		FC3AD9AA2320324000B35DC6 /* Assets.xcassets */ = {isa = PBXFileReference; lastKnownFileType = folder.assetcatalog; path = Assets.xcassets; sourceTree = "<group>"; };
		FC3AD9AD2320324000B35DC6 /* Base */ = {isa = PBXFileReference; lastKnownFileType = file.storyboard; name = Base; path = Base.lproj/LaunchScreen.storyboard; sourceTree = "<group>"; };
		FC3AD9AF2320324000B35DC6 /* Info.plist */ = {isa = PBXFileReference; lastKnownFileType = text.plist.xml; path = Info.plist; sourceTree = "<group>"; };
/* End PBXFileReference section */

/* Begin PBXFrameworksBuildPhase section */
		FC3AD99D2320323F00B35DC6 /* Frameworks */ = {
			isa = PBXFrameworksBuildPhase;
			buildActionMask = 2147483647;
			files = (
			);
			runOnlyForDeploymentPostprocessing = 0;
		};
/* End PBXFrameworksBuildPhase section */

/* Begin PBXGroup section */
		D42B51E12320362B0091CC1F /* Models */ = {
			isa = PBXGroup;
			children = (
				D42B51E22320363F0091CC1F /* Player.swift */,
				D42B51E42320369F0091CC1F /* Game.swift */,
				D42B51E6232038EF0091CC1F /* Leaderboard.swift */,
			);
			path = Models;
			sourceTree = "<group>";
		};
		FC3AD9972320323F00B35DC6 = {
			isa = PBXGroup;
			children = (
				FC3AD9A22320323F00B35DC6 /* MultiplicationTables */,
				FC3AD9A12320323F00B35DC6 /* Products */,
			);
			sourceTree = "<group>";
		};
		FC3AD9A12320323F00B35DC6 /* Products */ = {
			isa = PBXGroup;
			children = (
				FC3AD9A02320323F00B35DC6 /* MultiplicationTables.app */,
			);
			name = Products;
			sourceTree = "<group>";
		};
		FC3AD9A22320323F00B35DC6 /* MultiplicationTables */ = {
			isa = PBXGroup;
			children = (
				D42B51E12320362B0091CC1F /* Models */,
				FC3AD9B5232034D400B35DC6 /* Storyboards */,
				FC3AD9B6232034E200B35DC6 /* View Controllers */,
				FC3AD9B7232034EA00B35DC6 /* Resources */,
			);
			path = MultiplicationTables;
			sourceTree = "<group>";
		};
		FC3AD9B5232034D400B35DC6 /* Storyboards */ = {
			isa = PBXGroup;
			children = (
				FC3AD9A72320323F00B35DC6 /* Main.storyboard */,
			);
			path = Storyboards;
			sourceTree = "<group>";
		};
		FC3AD9B6232034E200B35DC6 /* View Controllers */ = {
			isa = PBXGroup;
			children = (
				FC3AD9A52320323F00B35DC6 /* ViewController.swift */,
				D42B51E823204C9B0091CC1F /* GameViewController.swift */,
			);
			path = "View Controllers";
			sourceTree = "<group>";
		};
		FC3AD9B7232034EA00B35DC6 /* Resources */ = {
			isa = PBXGroup;
			children = (
				FC3AD9A32320323F00B35DC6 /* AppDelegate.swift */,
				FC3AD9AA2320324000B35DC6 /* Assets.xcassets */,
				FC3AD9AC2320324000B35DC6 /* LaunchScreen.storyboard */,
				FC3AD9AF2320324000B35DC6 /* Info.plist */,
			);
			path = Resources;
			sourceTree = "<group>";
		};
/* End PBXGroup section */

/* Begin PBXNativeTarget section */
		FC3AD99F2320323F00B35DC6 /* MultiplicationTables */ = {
			isa = PBXNativeTarget;
			buildConfigurationList = FC3AD9B22320324000B35DC6 /* Build configuration list for PBXNativeTarget "MultiplicationTables" */;
			buildPhases = (
				FC3AD99C2320323F00B35DC6 /* Sources */,
				FC3AD99D2320323F00B35DC6 /* Frameworks */,
				FC3AD99E2320323F00B35DC6 /* Resources */,
			);
			buildRules = (
			);
			dependencies = (
			);
			name = MultiplicationTables;
			productName = MultiplicationTables;
			productReference = FC3AD9A02320323F00B35DC6 /* MultiplicationTables.app */;
			productType = "com.apple.product-type.application";
		};
/* End PBXNativeTarget section */

/* Begin PBXProject section */
		FC3AD9982320323F00B35DC6 /* Project object */ = {
			isa = PBXProject;
			attributes = {
				LastSwiftUpdateCheck = 1030;
				LastUpgradeCheck = 1030;
				ORGANIZATIONNAME = "Kevin Tanner";
				TargetAttributes = {
					FC3AD99F2320323F00B35DC6 = {
						CreatedOnToolsVersion = 10.3;
					};
				};
			};
			buildConfigurationList = FC3AD99B2320323F00B35DC6 /* Build configuration list for PBXProject "MultiplicationTables" */;
			compatibilityVersion = "Xcode 9.3";
			developmentRegion = en;
			hasScannedForEncodings = 0;
			knownRegions = (
				en,
				Base,
			);
			mainGroup = FC3AD9972320323F00B35DC6;
			productRefGroup = FC3AD9A12320323F00B35DC6 /* Products */;
			projectDirPath = "";
			projectRoot = "";
			targets = (
				FC3AD99F2320323F00B35DC6 /* MultiplicationTables */,
			);
		};
/* End PBXProject section */

/* Begin PBXResourcesBuildPhase section */
		FC3AD99E2320323F00B35DC6 /* Resources */ = {
			isa = PBXResourcesBuildPhase;
			buildActionMask = 2147483647;
			files = (
				FC3AD9AE2320324000B35DC6 /* LaunchScreen.storyboard in Resources */,
				FC3AD9AB2320324000B35DC6 /* Assets.xcassets in Resources */,
				FC3AD9A92320323F00B35DC6 /* Main.storyboard in Resources */,
			);
			runOnlyForDeploymentPostprocessing = 0;
		};
/* End PBXResourcesBuildPhase section */

/* Begin PBXSourcesBuildPhase section */
		FC3AD99C2320323F00B35DC6 /* Sources */ = {
			isa = PBXSourcesBuildPhase;
			buildActionMask = 2147483647;
			files = (
				FC3AD9A62320323F00B35DC6 /* ViewController.swift in Sources */,
				D42B51E32320363F0091CC1F /* Player.swift in Sources */,
				FC3AD9A42320323F00B35DC6 /* AppDelegate.swift in Sources */,
				D42B51E52320369F0091CC1F /* Game.swift in Sources */,
				D42B51E923204C9B0091CC1F /* GameViewController.swift in Sources */,
				D42B51E7232038EF0091CC1F /* Leaderboard.swift in Sources */,
			);
			runOnlyForDeploymentPostprocessing = 0;
		};
/* End PBXSourcesBuildPhase section */

/* Begin PBXVariantGroup section */
		FC3AD9A72320323F00B35DC6 /* Main.storyboard */ = {
			isa = PBXVariantGroup;
			children = (
				FC3AD9A82320323F00B35DC6 /* Base */,
			);
			name = Main.storyboard;
			sourceTree = "<group>";
		};
		FC3AD9AC2320324000B35DC6 /* LaunchScreen.storyboard */ = {
			isa = PBXVariantGroup;
			children = (
				FC3AD9AD2320324000B35DC6 /* Base */,
			);
			name = LaunchScreen.storyboard;
			sourceTree = "<group>";
		};
/* End PBXVariantGroup section */

/* Begin XCBuildConfiguration section */
		FC3AD9B02320324000B35DC6 /* Debug */ = {
			isa = XCBuildConfiguration;
			buildSettings = {
				ALWAYS_SEARCH_USER_PATHS = NO;
				CLANG_ANALYZER_NONNULL = YES;
				CLANG_ANALYZER_NUMBER_OBJECT_CONVERSION = YES_AGGRESSIVE;
				CLANG_CXX_LANGUAGE_STANDARD = "gnu++14";
				CLANG_CXX_LIBRARY = "libc++";
				CLANG_ENABLE_MODULES = YES;
				CLANG_ENABLE_OBJC_ARC = YES;
				CLANG_ENABLE_OBJC_WEAK = YES;
				CLANG_WARN_BLOCK_CAPTURE_AUTORELEASING = YES;
				CLANG_WARN_BOOL_CONVERSION = YES;
				CLANG_WARN_COMMA = YES;
				CLANG_WARN_CONSTANT_CONVERSION = YES;
				CLANG_WARN_DEPRECATED_OBJC_IMPLEMENTATIONS = YES;
				CLANG_WARN_DIRECT_OBJC_ISA_USAGE = YES_ERROR;
				CLANG_WARN_DOCUMENTATION_COMMENTS = YES;
				CLANG_WARN_EMPTY_BODY = YES;
				CLANG_WARN_ENUM_CONVERSION = YES;
				CLANG_WARN_INFINITE_RECURSION = YES;
				CLANG_WARN_INT_CONVERSION = YES;
				CLANG_WARN_NON_LITERAL_NULL_CONVERSION = YES;
				CLANG_WARN_OBJC_IMPLICIT_RETAIN_SELF = YES;
				CLANG_WARN_OBJC_LITERAL_CONVERSION = YES;
				CLANG_WARN_OBJC_ROOT_CLASS = YES_ERROR;
				CLANG_WARN_RANGE_LOOP_ANALYSIS = YES;
				CLANG_WARN_STRICT_PROTOTYPES = YES;
				CLANG_WARN_SUSPICIOUS_MOVE = YES;
				CLANG_WARN_UNGUARDED_AVAILABILITY = YES_AGGRESSIVE;
				CLANG_WARN_UNREACHABLE_CODE = YES;
				CLANG_WARN__DUPLICATE_METHOD_MATCH = YES;
				CODE_SIGN_IDENTITY = "iPhone Developer";
				COPY_PHASE_STRIP = NO;
				DEBUG_INFORMATION_FORMAT = dwarf;
				ENABLE_STRICT_OBJC_MSGSEND = YES;
				ENABLE_TESTABILITY = YES;
				GCC_C_LANGUAGE_STANDARD = gnu11;
				GCC_DYNAMIC_NO_PIC = NO;
				GCC_NO_COMMON_BLOCKS = YES;
				GCC_OPTIMIZATION_LEVEL = 0;
				GCC_PREPROCESSOR_DEFINITIONS = (
					"DEBUG=1",
					"$(inherited)",
				);
				GCC_WARN_64_TO_32_BIT_CONVERSION = YES;
				GCC_WARN_ABOUT_RETURN_TYPE = YES_ERROR;
				GCC_WARN_UNDECLARED_SELECTOR = YES;
				GCC_WARN_UNINITIALIZED_AUTOS = YES_AGGRESSIVE;
				GCC_WARN_UNUSED_FUNCTION = YES;
				GCC_WARN_UNUSED_VARIABLE = YES;
				IPHONEOS_DEPLOYMENT_TARGET = 12.4;
				MTL_ENABLE_DEBUG_INFO = INCLUDE_SOURCE;
				MTL_FAST_MATH = YES;
				ONLY_ACTIVE_ARCH = YES;
				SDKROOT = iphoneos;
				SWIFT_ACTIVE_COMPILATION_CONDITIONS = DEBUG;
				SWIFT_OPTIMIZATION_LEVEL = "-Onone";
			};
			name = Debug;
		};
		FC3AD9B12320324000B35DC6 /* Release */ = {
			isa = XCBuildConfiguration;
			buildSettings = {
				ALWAYS_SEARCH_USER_PATHS = NO;
				CLANG_ANALYZER_NONNULL = YES;
				CLANG_ANALYZER_NUMBER_OBJECT_CONVERSION = YES_AGGRESSIVE;
				CLANG_CXX_LANGUAGE_STANDARD = "gnu++14";
				CLANG_CXX_LIBRARY = "libc++";
				CLANG_ENABLE_MODULES = YES;
				CLANG_ENABLE_OBJC_ARC = YES;
				CLANG_ENABLE_OBJC_WEAK = YES;
				CLANG_WARN_BLOCK_CAPTURE_AUTORELEASING = YES;
				CLANG_WARN_BOOL_CONVERSION = YES;
				CLANG_WARN_COMMA = YES;
				CLANG_WARN_CONSTANT_CONVERSION = YES;
				CLANG_WARN_DEPRECATED_OBJC_IMPLEMENTATIONS = YES;
				CLANG_WARN_DIRECT_OBJC_ISA_USAGE = YES_ERROR;
				CLANG_WARN_DOCUMENTATION_COMMENTS = YES;
				CLANG_WARN_EMPTY_BODY = YES;
				CLANG_WARN_ENUM_CONVERSION = YES;
				CLANG_WARN_INFINITE_RECURSION = YES;
				CLANG_WARN_INT_CONVERSION = YES;
				CLANG_WARN_NON_LITERAL_NULL_CONVERSION = YES;
				CLANG_WARN_OBJC_IMPLICIT_RETAIN_SELF = YES;
				CLANG_WARN_OBJC_LITERAL_CONVERSION = YES;
				CLANG_WARN_OBJC_ROOT_CLASS = YES_ERROR;
				CLANG_WARN_RANGE_LOOP_ANALYSIS = YES;
				CLANG_WARN_STRICT_PROTOTYPES = YES;
				CLANG_WARN_SUSPICIOUS_MOVE = YES;
				CLANG_WARN_UNGUARDED_AVAILABILITY = YES_AGGRESSIVE;
				CLANG_WARN_UNREACHABLE_CODE = YES;
				CLANG_WARN__DUPLICATE_METHOD_MATCH = YES;
				CODE_SIGN_IDENTITY = "iPhone Developer";
				COPY_PHASE_STRIP = NO;
				DEBUG_INFORMATION_FORMAT = "dwarf-with-dsym";
				ENABLE_NS_ASSERTIONS = NO;
				ENABLE_STRICT_OBJC_MSGSEND = YES;
				GCC_C_LANGUAGE_STANDARD = gnu11;
				GCC_NO_COMMON_BLOCKS = YES;
				GCC_WARN_64_TO_32_BIT_CONVERSION = YES;
				GCC_WARN_ABOUT_RETURN_TYPE = YES_ERROR;
				GCC_WARN_UNDECLARED_SELECTOR = YES;
				GCC_WARN_UNINITIALIZED_AUTOS = YES_AGGRESSIVE;
				GCC_WARN_UNUSED_FUNCTION = YES;
				GCC_WARN_UNUSED_VARIABLE = YES;
				IPHONEOS_DEPLOYMENT_TARGET = 12.4;
				MTL_ENABLE_DEBUG_INFO = NO;
				MTL_FAST_MATH = YES;
				SDKROOT = iphoneos;
				SWIFT_COMPILATION_MODE = wholemodule;
				SWIFT_OPTIMIZATION_LEVEL = "-O";
				VALIDATE_PRODUCT = YES;
			};
			name = Release;
		};
		FC3AD9B32320324000B35DC6 /* Debug */ = {
			isa = XCBuildConfiguration;
			buildSettings = {
				ASSETCATALOG_COMPILER_APPICON_NAME = AppIcon;
				CODE_SIGN_STYLE = Automatic;
				DEVELOPMENT_TEAM = KMTDCPCY5V;
				INFOPLIST_FILE = "$(SRCROOT)/MultiplicationTables/Resources/Info.plist";
				LD_RUNPATH_SEARCH_PATHS = (
					"$(inherited)",
					"@executable_path/Frameworks",
				);
				PRODUCT_BUNDLE_IDENTIFIER = com.kevintanner.MultiplicationTables;
				PRODUCT_NAME = "$(TARGET_NAME)";
				SWIFT_VERSION = 5.0;
				TARGETED_DEVICE_FAMILY = "1,2";
			};
			name = Debug;
		};
		FC3AD9B42320324000B35DC6 /* Release */ = {
			isa = XCBuildConfiguration;
			buildSettings = {
				ASSETCATALOG_COMPILER_APPICON_NAME = AppIcon;
				CODE_SIGN_STYLE = Automatic;
				DEVELOPMENT_TEAM = KMTDCPCY5V;
				INFOPLIST_FILE = "$(SRCROOT)/MultiplicationTables/Resources/Info.plist";
				LD_RUNPATH_SEARCH_PATHS = (
					"$(inherited)",
					"@executable_path/Frameworks",
				);
				PRODUCT_BUNDLE_IDENTIFIER = com.kevintanner.MultiplicationTables;
				PRODUCT_NAME = "$(TARGET_NAME)";
				SWIFT_VERSION = 5.0;
				TARGETED_DEVICE_FAMILY = "1,2";
			};
			name = Release;
		};
/* End XCBuildConfiguration section */

/* Begin XCConfigurationList section */
		FC3AD99B2320323F00B35DC6 /* Build configuration list for PBXProject "MultiplicationTables" */ = {
			isa = XCConfigurationList;
			buildConfigurations = (
				FC3AD9B02320324000B35DC6 /* Debug */,
				FC3AD9B12320324000B35DC6 /* Release */,
			);
			defaultConfigurationIsVisible = 0;
			defaultConfigurationName = Release;
		};
		FC3AD9B22320324000B35DC6 /* Build configuration list for PBXNativeTarget "MultiplicationTables" */ = {
			isa = XCConfigurationList;
			buildConfigurations = (
				FC3AD9B32320324000B35DC6 /* Debug */,
				FC3AD9B42320324000B35DC6 /* Release */,
			);
			defaultConfigurationIsVisible = 0;
			defaultConfigurationName = Release;
		};
/* End XCConfigurationList section */
	};
	rootObject = FC3AD9982320323F00B35DC6 /* Project object */;
}
